[{<<"bear">>,{pkg,<<"bear">>,<<"0.8.5">>},1},
 {<<"folsom">>,
  {git,"git://github.com/folsom-project/folsom",
       {ref,"0948c5f7a2221cc7c4975d042b13c84bb9387517"}},
  0},
 {<<"hut">>,
  {git,"git://github.com/tolbrino/hut.git",
       {ref,"025540398478ab6f95932c3234382ac5bb21ad3e"}},
  0},
 {<<"parse_trans">>,
  {git,"git://github.com/uwiger/parse_trans.git",
       {ref,"f22fbf4982bc541518d4a9b3ad305810460724e5"}},
  0},
 {<<"setup">>,
  {git,"git://github.com/uwiger/setup.git",
       {ref,"eda3352e7555b9faf42b5242d95fc386bccbe123"}},
  0}].
