{"1.1.0",
[{<<"bear">>,{pkg,<<"bear">>,<<"0.8.5">>},1},
 {<<"edown">>,
  {git,"git://github.com/esl/edown.git",
       {ref,"4d18dc4bec89c20c0ba8cab6884ce690ca606f4a"}},
  0},
 {<<"folsom">>,{pkg,<<"folsom">>,<<"0.8.5">>},0},
 {<<"hut">>,{pkg,<<"hut">>,<<"1.2.0">>},0},
 {<<"parse_trans">>,{pkg,<<"parse_trans">>,<<"3.2.0">>},0},
 {<<"setup">>,{pkg,<<"setup">>,<<"2.0.2">>},0}]}.
[
{pkg_hash,[
 {<<"bear">>, <<"E95FCA1627CD9E15BAF93CE0A52AFF16917BAF325F0EE65B88CD715376CD2344">>},
 {<<"folsom">>, <<"94A027B56FE84FEED264F9B33CB4C6AC9A801FAD84B87DBDA0836CE83C3B8D69">>},
 {<<"hut">>, <<"0089DF0FAA2827C605BBADA88153F24FFF5EA7A4BE32ECF0250A7FDC2719CAFB">>},
 {<<"parse_trans">>, <<"2ADFA4DAF80C14DC36F522CF190EB5C4EE3E28008FC6394397C16F62A26258C2">>},
 {<<"setup">>, <<"1203F4CDA11306C2E34434244576DED0A7BBFB0908D9A572356C809BD0CDF085">>}]}
].
