{"1.1.0",
[{<<"bear">>,{pkg,<<"bear">>,<<"0.8.5">>},1},
 {<<"folsom">>,{pkg,<<"folsom">>,<<"0.8.5">>},0},
 {<<"hut">>,{pkg,<<"hut">>,<<"1.2.0">>},0},
 {<<"parse_trans">>,{pkg,<<"parse_trans">>,<<"3.1.0">>},0},
 {<<"setup">>,{pkg,<<"setup">>,<<"1.9.0">>},0}]}.
[
{pkg_hash,[
 {<<"bear">>, <<"E95FCA1627CD9E15BAF93CE0A52AFF16917BAF325F0EE65B88CD715376CD2344">>},
 {<<"folsom">>, <<"94A027B56FE84FEED264F9B33CB4C6AC9A801FAD84B87DBDA0836CE83C3B8D69">>},
 {<<"hut">>, <<"0089DF0FAA2827C605BBADA88153F24FFF5EA7A4BE32ECF0250A7FDC2719CAFB">>},
 {<<"parse_trans">>, <<"1BAD3B959941CC53FFD6F4769A5D2666F9CDF179B2D62826636497D3FBAD9EC0">>},
 {<<"setup">>, <<"B525A290C6555ABB6FE5F58F8CBCAFCAFFCCF5DEAA19082281A5B562F069D1E5">>}]}
].
